{
  "version": 4,
  "terraform_version": "1.7.4",
  "serial": 35,
  "lineage": "3a46b367-924d-9f53-8dfc-44ea88715289",
  "outputs": {
    "pet-name": {
      "value": "Mrs.stirred.pheasant",
      "type": "string"
    }
  },
  "resources": [
    {
      "mode": "managed",
      "type": "local_file",
      "name": "pet",
      "provider": "provider[\"registry.terraform.io/hashicorp/local\"]",
      "instances": [
        {
          "schema_version": 0,
          "attributes": {
            "content": "my favorite pet is Mrs.stirred.pheasant",
            "content_base64": null,
            "content_base64sha256": "hDjoz1AWK+YOhrhZsNXspDaaTIbrhjNX8aJ4TXLzI84=",
            "content_base64sha512": "z005+PRVV/NWlR/cisPXDb4C5zI6XblyVqGF85emOtvFDrJ6AHFcC//HxaYS+IKDPdI8UCmqyCp8tGJB8zVnXw==",
            "content_md5": "3de05d1d329aebe5b8ba64cad7aa08f1",
            "content_sha1": "9b839cbc19cd8f0a73a08ae19449f7128185a392",
            "content_sha256": "8438e8cf50162be60e86b859b0d5eca4369a4c86eb863357f1a2784d72f323ce",
            "content_sha512": "cf4d39f8f45557f356951fdc8ac3d70dbe02e7323a5db97256a185f397a63adbc50eb27a00715c0bffc7c5a612f882833dd23c5029aac82a7cb46241f335675f",
            "directory_permission": "0777",
            "file_permission": "0777",
            "filename": "pets.txt",
            "id": "9b839cbc19cd8f0a73a08ae19449f7128185a392",
            "sensitive_content": null,
            "source": null
          },
          "sensitive_attributes": [],
          "dependencies": [
            "random_pet.my-pet"
          ]
        }
      ]
    },
    {
      "mode": "managed",
      "type": "random_pet",
      "name": "my-pet",
      "provider": "provider[\"registry.terraform.io/hashicorp/random\"]",
      "instances": [
        {
          "schema_version": 0,
          "attributes": {
            "id": "Mrs.stirred.pheasant",
            "keepers": null,
            "length": 2,
            "prefix": "Mrs",
            "separator": "."
          },
          "sensitive_attributes": []
        }
      ]
    }
  ],
  "check_results": null
}
