{
  "version": 4,
  "terraform_version": "1.7.4",
  "serial": 20,
  "lineage": "3a46b367-924d-9f53-8dfc-44ea88715289",
  "outputs": {},
  "resources": [
    {
      "mode": "managed",
      "type": "local_file",
      "name": "pet",
      "provider": "provider[\"registry.terraform.io/hashicorp/local\"]",
      "instances": [
        {
          "schema_version": 0,
          "attributes": {
            "content": "We love the pets!",
            "content_base64": null,
            "content_base64sha256": "FVS6gcIn6oQ1Lrv2LH88muOKrzo3x98lg516Rtl0Z1A=",
            "content_base64sha512": "yC68+lP89ftIdrxMHx33U+4Qc5T7TwbM/VLLcA08QxpLGPJOPrHibV74QNdrBTrlO+RAYqmwLPfTy9Y6jK9W0w==",
            "content_md5": "991e4f30f69eca4b02cef11454fae472",
            "content_sha1": "311a862a368b529dadf686fa254981f3a10945ee",
            "content_sha256": "1554ba81c227ea84352ebbf62c7f3c9ae38aaf3a37c7df25839d7a46d9746750",
            "content_sha512": "c82ebcfa53fcf5fb4876bc4c1f1df753ee107394fb4f06ccfd52cb700d3c431a4b18f24e3eb1e26d5ef840d76b053ae53be44062a9b02cf7d3cbd63a8caf56d3",
            "directory_permission": "0777",
            "file_permission": "0777",
            "filename": "pets.txt",
            "id": "311a862a368b529dadf686fa254981f3a10945ee",
            "sensitive_content": null,
            "source": null
          },
          "sensitive_attributes": []
        }
      ]
    },
    {
      "mode": "managed",
      "type": "random_pet",
      "name": "my-pet",
      "provider": "provider[\"registry.terraform.io/hashicorp/random\"]",
      "instances": [
        {
          "schema_version": 0,
          "attributes": {
            "id": "Mrs.tadpole",
            "keepers": null,
            "length": 1,
            "prefix": "Mrs",
            "separator": "."
          },
          "sensitive_attributes": []
        }
      ]
    }
  ],
  "check_results": null
}
