{
  "version": 4,
  "terraform_version": "1.7.4",
  "serial": 3,
  "lineage": "3a46b367-924d-9f53-8dfc-44ea88715289",
  "outputs": {},
  "resources": [
    {
      "mode": "managed",
      "type": "local_file",
      "name": "pet",
      "provider": "provider[\"registry.terraform.io/hashicorp/local\"]",
      "instances": [
        {
          "schema_version": 0,
          "attributes": {
            "content": "I love pets!",
            "content_base64": null,
            "content_base64sha256": "4LBQ/UV/Gxp6DWNEp+upXEfPrTTpUCpfiAkOpJixJEc=",
            "content_base64sha512": "wKb93aeKXXwWVvqgU6yfOuiKC6dLDLLWp7dclsVtlgenVx4/BUpKiEnsdA6EbHgUmSDTp/+Si9wFeXH8/46Eiw==",
            "content_md5": "3dd08189b6cbd661de6b25ed369f5746",
            "content_sha1": "7e4db4fbfdbb108bdd04692602bae3e9bd1e1b68",
            "content_sha256": "e0b050fd457f1b1a7a0d6344a7eba95c47cfad34e9502a5f88090ea498b12447",
            "content_sha512": "c0a6fddda78a5d7c1656faa053ac9f3ae88a0ba74b0cb2d6a7b75c96c56d9607a7571e3f054a4a8849ec740e846c78149920d3a7ff928bdc057971fcff8e848b",
            "directory_permission": "0777",
            "file_permission": "0777",
            "filename": "pets.txt",
            "id": "7e4db4fbfdbb108bdd04692602bae3e9bd1e1b68",
            "sensitive_content": null,
            "source": null
          },
          "sensitive_attributes": []
        }
      ]
    }
  ],
  "check_results": null
}
